
Microsoft Visual Studio Solution File, Format Version 12.00
# Visual Studio 15
VisualStudioVersion = 15.0.28307.852
MinimumVisualStudioVersion = 10.0.40219.1
Project("{FAE04EC0-301F-11D3-BF4B-00C04F79EFBC}") = "Etactics", "Etactics\Etactics.csproj", "{CDC67188-F680-4E95-A98F-EA17E17760EE}"
EndProject
Global
	GlobalSection(SolutionConfigurationPlatforms) = preSolution
		Debug|Any CPU = Debug|Any CPU
		Release|Any CPU = Release|Any CPU
	EndGlobalSection
	GlobalSection(ProjectConfigurationPlatforms) = postSolution
		{CDC67188-F680-4E95-A98F-EA17E17760EE}.Debug|Any CPU.ActiveCfg = Debug|Any CPU
		{CDC67188-F680-4E95-A98F-EA17E17760EE}.Debug|Any CPU.Build.0 = Debug|Any CPU
		{CDC67188-F680-4E95-A98F-EA17E17760EE}.Release|Any CPU.ActiveCfg = Release|Any CPU
		{CDC67188-F680-4E95-A98F-EA17E17760EE}.Release|Any CPU.Build.0 = Release|Any CPU
	EndGlobalSection
	GlobalSection(SolutionProperties) = preSolution
		HideSolutionNode = FALSE
	EndGlobalSection
	GlobalSection(ExtensibilityGlobals) = postSolution
		SolutionGuid = {EA196C73-2910-4B62-828A-8F64ACF5B09F}
	EndGlobalSection
EndGlobal
